<?xml version="1.0" encoding="utf-8"?>
<Project ToolsVersion="4.0" xmlns="http://schemas.microsoft.com/developer/msbuild/2003">
  <ItemGroup>
    <Filter Include="Sources">
      <UniqueIdentifier>{aa09b4c6-bebe-40a1-8e90-3ca39970c9a8}</UniqueIdentifier>
    </Filter>
    <Filter Include="Headers">
      <UniqueIdentifier>{105f2fa0-c019-4fc3-9003-ff22a62d6e86}</UniqueIdentifier>
    </Filter>
    <Filter Include="Headers\gbl">
      <UniqueIdentifier>{2c99e53a-4319-4f91-8b6f-dacd3409718e}</UniqueIdentifier>
    </Filter>
  </ItemGroup>
  <ItemGroup>
    <ClInclude Include="Headers\framework.h">
      <Filter>Headers</Filter>
    </ClInclude>
    <ClInclude Include="Headers\pch.h">
      <Filter>Headers</Filter>
    </ClInclude>
    <ClInclude Include="Headers\gbl\gbl.h">
      <Filter>Headers\gbl</Filter>
    </ClInclude>
  </ItemGroup>
  <ItemGroup>
    <ClCompile Include="Headers\pch.cpp">
      <Filter>Headers</Filter>
    </ClCompile>
    <ClCompile Include="Sources\gbl.cpp">
      <Filter>Sources</Filter>
    </ClCompile>
  </ItemGroup>
</Project>