
Microsoft Visual Studio Solution File, Format Version 12.00
# Visual Studio Version 16
VisualStudioVersion = 16.0.32126.315
MinimumVisualStudioVersion = 10.0.40219.1
Project("{8BC9CEB8-8B4A-11D0-8D11-00A0C91BC942}") = "GameboyEmulator", "GameboyEmulator\GameboyEmulator.vcxproj", "{13F8CB64-1C57-4651-BB06-374A4A1252BE}"
	ProjectSection(ProjectDependencies) = postProject
		{D60B375F-DCF1-41E4-8E0D-C6B84BAB379C} = {D60B375F-DCF1-41E4-8E0D-C6B84BAB379C}
	EndProjectSection
EndProject
Project("{8BC9CEB8-8B4A-11D0-8D11-00A0C91BC942}") = "GameboyEmulatorLib", "GameboyEmulatorLib\GameboyEmulatorLib.vcxproj", "{D60B375F-DCF1-41E4-8E0D-C6B84BAB379C}"
EndProject
Global
	GlobalSection(SolutionConfigurationPlatforms) = preSolution
		Debug|x64 = Debug|x64
		Release|x64 = Release|x64
	EndGlobalSection
	GlobalSection(ProjectConfigurationPlatforms) = postSolution
		{13F8CB64-1C57-4651-BB06-374A4A1252BE}.Debug|x64.ActiveCfg = Debug|x64
		{13F8CB64-1C57-4651-BB06-374A4A1252BE}.Debug|x64.Build.0 = Debug|x64
		{13F8CB64-1C57-4651-BB06-374A4A1252BE}.Release|x64.ActiveCfg = Release|x64
		{13F8CB64-1C57-4651-BB06-374A4A1252BE}.Release|x64.Build.0 = Release|x64
		{D60B375F-DCF1-41E4-8E0D-C6B84BAB379C}.Debug|x64.ActiveCfg = Debug|x64
		{D60B375F-DCF1-41E4-8E0D-C6B84BAB379C}.Debug|x64.Build.0 = Debug|x64
		{D60B375F-DCF1-41E4-8E0D-C6B84BAB379C}.Release|x64.ActiveCfg = Release|x64
		{D60B375F-DCF1-41E4-8E0D-C6B84BAB379C}.Release|x64.Build.0 = Release|x64
	EndGlobalSection
	GlobalSection(SolutionProperties) = preSolution
		HideSolutionNode = FALSE
	EndGlobalSection
	GlobalSection(ExtensibilityGlobals) = postSolution
		SolutionGuid = {5186AE39-C929-477F-8F19-D842C9D25372}
	EndGlobalSection
EndGlobal
